Microsoft Visual Studio Solution File, Format Version 12.00
# Visual Studio Version 17
VisualStudioVersion = 17.5.2.0
MinimumVisualStudioVersion = 10.0.40219.1
Project("{2150E333-8FDC-42A3-9474-1A3956D46DE8}") = "backend", "backend", "{1AE8ACA6-933B-BF2A-3671-3E2EAC007D16}"
EndProject
Project("{FAE04EC0-301F-11D3-BF4B-00C04F79EFBC}") = "SmallScaleErp.api", "backend\SmallScaleErp.api\SmallScaleErp.api.csproj", "{505FD94F-539B-7DAA-CEC4-F6D2A9F97B7F}"
EndProject
Global
	GlobalSection(SolutionConfigurationPlatforms) = preSolution
		Debug|Any CPU = Debug|Any CPU
		Release|Any CPU = Release|Any CPU
	EndGlobalSection
	GlobalSection(ProjectConfigurationPlatforms) = postSolution
		{505FD94F-539B-7DAA-CEC4-F6D2A9F97B7F}.Debug|Any CPU.ActiveCfg = Debug|Any CPU
		{505FD94F-539B-7DAA-CEC4-F6D2A9F97B7F}.Debug|Any CPU.Build.0 = Debug|Any CPU
		{505FD94F-539B-7DAA-CEC4-F6D2A9F97B7F}.Release|Any CPU.ActiveCfg = Release|Any CPU
		{505FD94F-539B-7DAA-CEC4-F6D2A9F97B7F}.Release|Any CPU.Build.0 = Release|Any CPU
	EndGlobalSection
	GlobalSection(SolutionProperties) = preSolution
		HideSolutionNode = FALSE
	EndGlobalSection
	GlobalSection(NestedProjects) = preSolution
		{505FD94F-539B-7DAA-CEC4-F6D2A9F97B7F} = {1AE8ACA6-933B-BF2A-3671-3E2EAC007D16}
	EndGlobalSection
	GlobalSection(ExtensibilityGlobals) = postSolution
		SolutionGuid = {70771EB7-705B-41FB-BD95-274AF5164A95}
	EndGlobalSection
EndGlobal
